
Microsoft Visual Studio Solution File, Format Version 12.00
# Visual Studio Version 16
VisualStudioVersion = 16.0.31112.23
MinimumVisualStudioVersion = 10.0.40219.1
Project("{FAE04EC0-301F-11D3-BF4B-00C04F79EFBC}") = "Project 2", "Project 2\Project 2.csproj", "{48718E6B-4A78-4384-A522-059CB6BF8027}"
EndProject
Project("{FAE04EC0-301F-11D3-BF4B-00C04F79EFBC}") = "CustomerClasses", "CustomerClasses\CustomerClasses.csproj", "{0A54061B-93F3-4BA5-B8E3-F1B312BBF5F6}"
EndProject
Project("{FAE04EC0-301F-11D3-BF4B-00C04F79EFBC}") = "DatabaseClasses", "DatabaseClasses\DatabaseClasses.csproj", "{D0A5A166-F951-4A83-A8B6-7D50D801A55B}"
EndProject
Global
	GlobalSection(SolutionConfigurationPlatforms) = preSolution
		Debug|Any CPU = Debug|Any CPU
		Release|Any CPU = Release|Any CPU
	EndGlobalSection
	GlobalSection(ProjectConfigurationPlatforms) = postSolution
		{48718E6B-4A78-4384-A522-059CB6BF8027}.Debug|Any CPU.ActiveCfg = Debug|Any CPU
		{48718E6B-4A78-4384-A522-059CB6BF8027}.Debug|Any CPU.Build.0 = Debug|Any CPU
		{48718E6B-4A78-4384-A522-059CB6BF8027}.Release|Any CPU.ActiveCfg = Release|Any CPU
		{48718E6B-4A78-4384-A522-059CB6BF8027}.Release|Any CPU.Build.0 = Release|Any CPU
		{0A54061B-93F3-4BA5-B8E3-F1B312BBF5F6}.Debug|Any CPU.ActiveCfg = Debug|Any CPU
		{0A54061B-93F3-4BA5-B8E3-F1B312BBF5F6}.Debug|Any CPU.Build.0 = Debug|Any CPU
		{0A54061B-93F3-4BA5-B8E3-F1B312BBF5F6}.Release|Any CPU.ActiveCfg = Release|Any CPU
		{0A54061B-93F3-4BA5-B8E3-F1B312BBF5F6}.Release|Any CPU.Build.0 = Release|Any CPU
		{D0A5A166-F951-4A83-A8B6-7D50D801A55B}.Debug|Any CPU.ActiveCfg = Debug|Any CPU
		{D0A5A166-F951-4A83-A8B6-7D50D801A55B}.Debug|Any CPU.Build.0 = Debug|Any CPU
		{D0A5A166-F951-4A83-A8B6-7D50D801A55B}.Release|Any CPU.ActiveCfg = Release|Any CPU
		{D0A5A166-F951-4A83-A8B6-7D50D801A55B}.Release|Any CPU.Build.0 = Release|Any CPU
	EndGlobalSection
	GlobalSection(SolutionProperties) = preSolution
		HideSolutionNode = FALSE
	EndGlobalSection
	GlobalSection(ExtensibilityGlobals) = postSolution
		SolutionGuid = {C64C38CD-664F-4897-A724-BA913725125B}
	EndGlobalSection
EndGlobal
